PODS:
  - Alamofire (4.9.1)
  - DLRadioButton (1.4.12)
  - DropDown (2.3.13)
  - ExpandableCell (1.3.1)
  - SignalRSwift (2.0.3):
    - Alamofire (~> 4.2)
    - Starscream (~> 3.0)
  - Starscream (3.1.1)
  - TimeZonePicker (1.3.0)

DEPENDENCIES:
  - Alamofire
  - DLRadioButton (~> 1.4)
  - DropDown
  - ExpandableCell
  - SignalRSwift (~> 2.0.2)
  - TimeZonePicker

SPEC REPOS:
  trunk:
    - Alamofire
    - DLRadioButton
    - DropDown
    - ExpandableCell
    - SignalRSwift
    - Starscream
    - TimeZonePicker

SPEC CHECKSUMS:
  Alamofire: 85e8a02c69d6020a0d734f6054870d7ecb75cf18
  DLRadioButton: d7c4e225ed0e8013cef7be61455230c7557ad7c1
  DropDown: 8a2116376c1981888557f72ec2ffc9a5e0e456ec
  ExpandableCell: c57c3057395df3066ec33d239b59623825f1f716
  SignalRSwift: 6f30893680780d4f4e9981795478ea43f5b63f3e
  Starscream: 4bb2f9942274833f7b4d296a55504dcfc7edb7b0
  TimeZonePicker: 7f3e60375dc3754a44f4a417f01e5c707b2b72b4

PODFILE CHECKSUM: e7741fa54ed4d8aa90b0cfda652643ebcae60b85

COCOAPODS: 1.10.2
